// !$*UTF8*$!
{
	archiveVersion = 1;
	classes = {
	};
	objectVersion = 46;
	objects = {

/* Begin PBXBuildFile section */
		200DB1FF1C580EC4004B0EC8 /* UIViewController+Navigation.m in Sources */ = {isa = PBXBuildFile; fileRef = 200DB1FE1C580EC4004B0EC8 /* UIViewController+Navigation.m */; };
		200DB2451C5823CA004B0EC8 /* APBookTableViewCell.m in Sources */ = {isa = PBXBuildFile; fileRef = 200DB2431C5823CA004B0EC8 /* APBookTableViewCell.m */; };
		200DB2461C5823CA004B0EC8 /* APBookTableViewCell.xib in Resources */ = {isa = PBXBuildFile; fileRef = 200DB2441C5823CA004B0EC8 /* APBookTableViewCell.xib */; };
		200DB24A1C583A6F004B0EC8 /* cover.png in Resources */ = {isa = PBXBuildFile; fileRef = 200DB2491C583A6F004B0EC8 /* cover.png */; };
		200DB25B1C58468B004B0EC8 /* APBooksTableViewController.m in Sources */ = {isa = PBXBuildFile; fileRef = 200DB2591C58468B004B0EC8 /* APBooksTableViewController.m */; };
		200DB25C1C58468B004B0EC8 /* APBooksTableViewController.xib in Resources */ = {isa = PBXBuildFile; fileRef = 200DB25A1C58468B004B0EC8 /* APBooksTableViewController.xib */; };
		200DB2611C59590F004B0EC8 /* APLibrary.m in Sources */ = {isa = PBXBuildFile; fileRef = 200DB2601C59590F004B0EC8 /* APLibrary.m */; };
		200DB2651C59865B004B0EC8 /* APAuthor.m in Sources */ = {isa = PBXBuildFile; fileRef = 200DB2641C59865B004B0EC8 /* APAuthor.m */; };
		200DB2681C59866A004B0EC8 /* _APAuthor.m in Sources */ = {isa = PBXBuildFile; fileRef = 200DB2671C59866A004B0EC8 /* _APAuthor.m */; };
		200DB26B1C5986EF004B0EC8 /* NSString+Tokenize.m in Sources */ = {isa = PBXBuildFile; fileRef = 200DB26A1C5986EF004B0EC8 /* NSString+Tokenize.m */; };
		200DB26E1C598CB2004B0EC8 /* APBaseManagedObject.m in Sources */ = {isa = PBXBuildFile; fileRef = 200DB26D1C598CB2004B0EC8 /* APBaseManagedObject.m */; };
		200DB2771C5ABE14004B0EC8 /* Launch Screen.storyboard in Resources */ = {isa = PBXBuildFile; fileRef = 200DB2761C5ABE14004B0EC8 /* Launch Screen.storyboard */; };
		200DB2791C5ABE9A004B0EC8 /* overhatbooks.png in Resources */ = {isa = PBXBuildFile; fileRef = 200DB2781C5ABE9A004B0EC8 /* overhatbooks.png */; };
		200DB27E1C5AE1C5004B0EC8 /* _APBookTag.m in Sources */ = {isa = PBXBuildFile; fileRef = 200DB27B1C5AE1C5004B0EC8 /* _APBookTag.m */; };
		200DB27F1C5AE1C5004B0EC8 /* _APTag.m in Sources */ = {isa = PBXBuildFile; fileRef = 200DB27D1C5AE1C5004B0EC8 /* _APTag.m */; };
		200DB2841C5AE1D7004B0EC8 /* APBookTag.m in Sources */ = {isa = PBXBuildFile; fileRef = 200DB2811C5AE1D7004B0EC8 /* APBookTag.m */; };
		200DB2851C5AE1D7004B0EC8 /* APTag.m in Sources */ = {isa = PBXBuildFile; fileRef = 200DB2831C5AE1D7004B0EC8 /* APTag.m */; };
		200DB2871C5BF12A004B0EC8 /* Media.xcassets in Resources */ = {isa = PBXBuildFile; fileRef = 200DB2861C5BF12A004B0EC8 /* Media.xcassets */; };
		200DB28B1C5CE733004B0EC8 /* APBookDetailViewController.m in Sources */ = {isa = PBXBuildFile; fileRef = 200DB2891C5CE733004B0EC8 /* APBookDetailViewController.m */; };
		200DB28C1C5CE733004B0EC8 /* APBookDetailViewController.xib in Resources */ = {isa = PBXBuildFile; fileRef = 200DB28A1C5CE733004B0EC8 /* APBookDetailViewController.xib */; };
		2016F9CC1C5589C600DB722B /* main.m in Sources */ = {isa = PBXBuildFile; fileRef = 2016F9CB1C5589C600DB722B /* main.m */; };
		2016F9CF1C5589C600DB722B /* AppDelegate.m in Sources */ = {isa = PBXBuildFile; fileRef = 2016F9CE1C5589C600DB722B /* AppDelegate.m */; };
		2016F9E51C5589C700DB722B /* OverHatBooksTests.m in Sources */ = {isa = PBXBuildFile; fileRef = 2016F9E41C5589C700DB722B /* OverHatBooksTests.m */; };
		2016F9F01C5589C700DB722B /* OverHatBooksUITests.m in Sources */ = {isa = PBXBuildFile; fileRef = 2016F9EF1C5589C700DB722B /* OverHatBooksUITests.m */; };
		2016FA011C558A2B00DB722B /* OverHatBooks.xml in Resources */ = {isa = PBXBuildFile; fileRef = 2016FA001C558A2B00DB722B /* OverHatBooks.xml */; };
		2016FA031C558A5800DB722B /* OverHatBooks.png in Resources */ = {isa = PBXBuildFile; fileRef = 2016FA021C558A5800DB722B /* OverHatBooks.png */; };
		20337E431C5679DB00266670 /* AGTCoreDataStack.m in Sources */ = {isa = PBXBuildFile; fileRef = 20337E421C5679DB00266670 /* AGTCoreDataStack.m */; };
		204293A71C56B45F0040240B /* OverHatBooks.xcdatamodeld in Sources */ = {isa = PBXBuildFile; fileRef = 204293A51C56B45F0040240B /* OverHatBooks.xcdatamodeld */; };
		204293B01C56D0C60040240B /* _APBook.m in Sources */ = {isa = PBXBuildFile; fileRef = 204293A91C56D0C60040240B /* _APBook.m */; };
		204293B11C56D0C60040240B /* _APCover.m in Sources */ = {isa = PBXBuildFile; fileRef = 204293AB1C56D0C60040240B /* _APCover.m */; };
		204293B21C56D0C60040240B /* _APPdfData.m in Sources */ = {isa = PBXBuildFile; fileRef = 204293AD1C56D0C60040240B /* _APPdfData.m */; };
		204293B31C56D0C60040240B /* _APPhoto.m in Sources */ = {isa = PBXBuildFile; fileRef = 204293AF1C56D0C60040240B /* _APPhoto.m */; };
		204293BE1C56D0D40040240B /* APAnnotation.m in Sources */ = {isa = PBXBuildFile; fileRef = 204293B51C56D0D40040240B /* APAnnotation.m */; };
		204293BF1C56D0D40040240B /* APBook.m in Sources */ = {isa = PBXBuildFile; fileRef = 204293B71C56D0D40040240B /* APBook.m */; };
		204293C01C56D0D40040240B /* APCover.m in Sources */ = {isa = PBXBuildFile; fileRef = 204293B91C56D0D40040240B /* APCover.m */; };
		204293C11C56D0D40040240B /* APPdfData.m in Sources */ = {isa = PBXBuildFile; fileRef = 204293BB1C56D0D40040240B /* APPdfData.m */; };
		204293C21C56D0D40040240B /* APPhoto.m in Sources */ = {isa = PBXBuildFile; fileRef = 204293BD1C56D0D40040240B /* APPhoto.m */; };
		204293C51C56D0EF0040240B /* _APAnnotation.m in Sources */ = {isa = PBXBuildFile; fileRef = 204293C41C56D0EF0040240B /* _APAnnotation.m */; };
		204293CA1C58042E0040240B /* AGTCoreDataTableViewController.m in Sources */ = {isa = PBXBuildFile; fileRef = 204293C91C58042E0040240B /* AGTCoreDataTableViewController.m */; };
		205AFFA71C5D17370063CC1F /* UIImage+Color.m in Sources */ = {isa = PBXBuildFile; fileRef = 205AFFA61C5D17370063CC1F /* UIImage+Color.m */; };
		205AFFAA1C5D1C760063CC1F /* AGTCoreDataCollectionViewController.m in Sources */ = {isa = PBXBuildFile; fileRef = 205AFFA81C5D1C760063CC1F /* AGTCoreDataCollectionViewController.m */; };
		205AFFAD1C5D1D1C0063CC1F /* APAnnotationsCollectionViewController.m in Sources */ = {isa = PBXBuildFile; fileRef = 205AFFAC1C5D1D1C0063CC1F /* APAnnotationsCollectionViewController.m */; };
		205AFFB91C5D1E300063CC1F /* APAnnotationCollectionViewCell.m in Sources */ = {isa = PBXBuildFile; fileRef = 205AFFB71C5D1E300063CC1F /* APAnnotationCollectionViewCell.m */; };
		205AFFBA1C5D1E300063CC1F /* APAnnotationCollectionViewCell.xib in Resources */ = {isa = PBXBuildFile; fileRef = 205AFFB81C5D1E300063CC1F /* APAnnotationCollectionViewCell.xib */; };
		205AFFBE1C5D1F810063CC1F /* APPDFBookViewController.m in Sources */ = {isa = PBXBuildFile; fileRef = 205AFFBC1C5D1F810063CC1F /* APPDFBookViewController.m */; };
		205AFFBF1C5D1F810063CC1F /* APPDFBookViewController.xib in Resources */ = {isa = PBXBuildFile; fileRef = 205AFFBD1C5D1F810063CC1F /* APPDFBookViewController.xib */; };
		205AFFCB1C5E6DD40063CC1F /* APAnnotationViewController.m in Sources */ = {isa = PBXBuildFile; fileRef = 205AFFC91C5E6DD40063CC1F /* APAnnotationViewController.m */; };
		205AFFCC1C5E6DD40063CC1F /* APAnnotationViewController.xib in Resources */ = {isa = PBXBuildFile; fileRef = 205AFFCA1C5E6DD40063CC1F /* APAnnotationViewController.xib */; };
		205AFFCE1C5E6FA00063CC1F /* placeholder_image.png in Resources */ = {isa = PBXBuildFile; fileRef = 205AFFCD1C5E6FA00063CC1F /* placeholder_image.png */; };
		205AFFD11C5E801D0063CC1F /* NSString+Validation.m in Sources */ = {isa = PBXBuildFile; fileRef = 205AFFD01C5E801D0063CC1F /* NSString+Validation.m */; };
		205AFFD81C5E884F0063CC1F /* UIImage+Alpha.m in Sources */ = {isa = PBXBuildFile; fileRef = 205AFFD31C5E884F0063CC1F /* UIImage+Alpha.m */; };
		205AFFD91C5E884F0063CC1F /* UIImage+Resize.m in Sources */ = {isa = PBXBuildFile; fileRef = 205AFFD51C5E884F0063CC1F /* UIImage+Resize.m */; };
		205AFFDA1C5E884F0063CC1F /* UIImage+RoundedCorner.m in Sources */ = {isa = PBXBuildFile; fileRef = 205AFFD71C5E884F0063CC1F /* UIImage+RoundedCorner.m */; };
		205AFFE71C5E9FF90063CC1F /* KAProgressLabel.m in Sources */ = {isa = PBXBuildFile; fileRef = 205AFFE41C5E9FF90063CC1F /* KAProgressLabel.m */; };
		205AFFE81C5E9FF90063CC1F /* TPPropertyAnimation.m in Sources */ = {isa = PBXBuildFile; fileRef = 205AFFE61C5E9FF90063CC1F /* TPPropertyAnimation.m */; };
		205AFFEE1C5EE3140063CC1F /* APDownloadManager.m in Sources */ = {isa = PBXBuildFile; fileRef = 205AFFED1C5EE3140063CC1F /* APDownloadManager.m */; };
		205AFFF11C5EE49B0063CC1F /* APDownloadItem.m in Sources */ = {isa = PBXBuildFile; fileRef = 205AFFF01C5EE49B0063CC1F /* APDownloadItem.m */; };
/* End PBXBuildFile section */

/* Begin PBXContainerItemProxy section */
		2016F9E11C5589C700DB722B /* PBXContainerItemProxy */ = {
			isa = PBXContainerItemProxy;
			containerPortal = 2016F9BF1C5589C600DB722B /* Project object */;
			proxyType = 1;
			remoteGlobalIDString = 2016F9C61C5589C600DB722B;
			remoteInfo = OverHatBooks;
		};
		2016F9EC1C5589C700DB722B /* PBXContainerItemProxy */ = {
			isa = PBXContainerItemProxy;
			containerPortal = 2016F9BF1C5589C600DB722B /* Project object */;
			proxyType = 1;
			remoteGlobalIDString = 2016F9C61C5589C600DB722B;
			remoteInfo = OverHatBooks;
		};
/* End PBXContainerItemProxy section */

/* Begin PBXFileReference section */
		200DB1FD1C580EC4004B0EC8 /* UIViewController+Navigation.h */ = {isa = PBXFileReference; fileEncoding = 4; lastKnownFileType = sourcecode.c.h; path = "UIViewController+Navigation.h"; sourceTree = "<group>"; };
		200DB1FE1C580EC4004B0EC8 /* UIViewController+Navigation.m */ = {isa = PBXFileReference; fileEncoding = 4; lastKnownFileType = sourcecode.c.objc; path = "UIViewController+Navigation.m"; sourceTree = "<group>"; };
		200DB2421C5823CA004B0EC8 /* APBookTableViewCell.h */ = {isa = PBXFileReference; fileEncoding = 4; lastKnownFileType = sourcecode.c.h; path = APBookTableViewCell.h; sourceTree = "<group>"; };
		200DB2431C5823CA004B0EC8 /* APBookTableViewCell.m */ = {isa = PBXFileReference; fileEncoding = 4; lastKnownFileType = sourcecode.c.objc; path = APBookTableViewCell.m; sourceTree = "<group>"; };
		200DB2441C5823CA004B0EC8 /* APBookTableViewCell.xib */ = {isa = PBXFileReference; fileEncoding = 4; lastKnownFileType = file.xib; path = APBookTableViewCell.xib; sourceTree = "<group>"; };
		200DB2491C583A6F004B0EC8 /* cover.png */ = {isa = PBXFileReference; lastKnownFileType = image.png; path = cover.png; sourceTree = "<group>"; };
		200DB2581C58468B004B0EC8 /* APBooksTableViewController.h */ = {isa = PBXFileReference; fileEncoding = 4; lastKnownFileType = sourcecode.c.h; path = APBooksTableViewController.h; sourceTree = "<group>"; };
		200DB2591C58468B004B0EC8 /* APBooksTableViewController.m */ = {isa = PBXFileReference; fileEncoding = 4; lastKnownFileType = sourcecode.c.objc; path = APBooksTableViewController.m; sourceTree = "<group>"; };
		200DB25A1C58468B004B0EC8 /* APBooksTableViewController.xib */ = {isa = PBXFileReference; fileEncoding = 4; lastKnownFileType = file.xib; path = APBooksTableViewController.xib; sourceTree = "<group>"; };
		200DB25F1C59590F004B0EC8 /* APLibrary.h */ = {isa = PBXFileReference; fileEncoding = 4; lastKnownFileType = sourcecode.c.h; path = APLibrary.h; sourceTree = "<group>"; };
		200DB2601C59590F004B0EC8 /* APLibrary.m */ = {isa = PBXFileReference; fileEncoding = 4; lastKnownFileType = sourcecode.c.objc; path = APLibrary.m; sourceTree = "<group>"; };
		200DB2621C596BE1004B0EC8 /* Settings.h */ = {isa = PBXFileReference; lastKnownFileType = sourcecode.c.h; path = Settings.h; sourceTree = "<group>"; };
		200DB2631C59865B004B0EC8 /* APAuthor.h */ = {isa = PBXFileReference; fileEncoding = 4; lastKnownFileType = sourcecode.c.h; path = APAuthor.h; sourceTree = "<group>"; };
		200DB2641C59865B004B0EC8 /* APAuthor.m */ = {isa = PBXFileReference; fileEncoding = 4; lastKnownFileType = sourcecode.c.objc; path = APAuthor.m; sourceTree = "<group>"; };
		200DB2661C59866A004B0EC8 /* _APAuthor.h */ = {isa = PBXFileReference; fileEncoding = 4; lastKnownFileType = sourcecode.c.h; path = _APAuthor.h; sourceTree = "<group>"; };
		200DB2671C59866A004B0EC8 /* _APAuthor.m */ = {isa = PBXFileReference; fileEncoding = 4; lastKnownFileType = sourcecode.c.objc; path = _APAuthor.m; sourceTree = "<group>"; };
		200DB2691C5986EF004B0EC8 /* NSString+Tokenize.h */ = {isa = PBXFileReference; fileEncoding = 4; lastKnownFileType = sourcecode.c.h; path = "NSString+Tokenize.h"; sourceTree = "<group>"; };
		200DB26A1C5986EF004B0EC8 /* NSString+Tokenize.m */ = {isa = PBXFileReference; fileEncoding = 4; lastKnownFileType = sourcecode.c.objc; path = "NSString+Tokenize.m"; sourceTree = "<group>"; };
		200DB26C1C598CB2004B0EC8 /* APBaseManagedObject.h */ = {isa = PBXFileReference; fileEncoding = 4; lastKnownFileType = sourcecode.c.h; path = APBaseManagedObject.h; sourceTree = "<group>"; };
		200DB26D1C598CB2004B0EC8 /* APBaseManagedObject.m */ = {isa = PBXFileReference; fileEncoding = 4; lastKnownFileType = sourcecode.c.objc; path = APBaseManagedObject.m; sourceTree = "<group>"; };
		200DB2761C5ABE14004B0EC8 /* Launch Screen.storyboard */ = {isa = PBXFileReference; fileEncoding = 4; lastKnownFileType = file.storyboard; path = "Launch Screen.storyboard"; sourceTree = "<group>"; };
		200DB2781C5ABE9A004B0EC8 /* overhatbooks.png */ = {isa = PBXFileReference; lastKnownFileType = image.png; name = overhatbooks.png; path = ../../../../../Desktop/overhatbooks.png; sourceTree = "<group>"; };
		200DB27A1C5AE1C5004B0EC8 /* _APBookTag.h */ = {isa = PBXFileReference; fileEncoding = 4; lastKnownFileType = sourcecode.c.h; path = _APBookTag.h; sourceTree = "<group>"; };
		200DB27B1C5AE1C5004B0EC8 /* _APBookTag.m */ = {isa = PBXFileReference; fileEncoding = 4; lastKnownFileType = sourcecode.c.objc; path = _APBookTag.m; sourceTree = "<group>"; };
		200DB27C1C5AE1C5004B0EC8 /* _APTag.h */ = {isa = PBXFileReference; fileEncoding = 4; lastKnownFileType = sourcecode.c.h; path = _APTag.h; sourceTree = "<group>"; };
		200DB27D1C5AE1C5004B0EC8 /* _APTag.m */ = {isa = PBXFileReference; fileEncoding = 4; lastKnownFileType = sourcecode.c.objc; path = _APTag.m; sourceTree = "<group>"; };
		200DB2801C5AE1D7004B0EC8 /* APBookTag.h */ = {isa = PBXFileReference; fileEncoding = 4; lastKnownFileType = sourcecode.c.h; path = APBookTag.h; sourceTree = "<group>"; };
		200DB2811C5AE1D7004B0EC8 /* APBookTag.m */ = {isa = PBXFileReference; fileEncoding = 4; lastKnownFileType = sourcecode.c.objc; path = APBookTag.m; sourceTree = "<group>"; };
		200DB2821C5AE1D7004B0EC8 /* APTag.h */ = {isa = PBXFileReference; fileEncoding = 4; lastKnownFileType = sourcecode.c.h; path = APTag.h; sourceTree = "<group>"; };
		200DB2831C5AE1D7004B0EC8 /* APTag.m */ = {isa = PBXFileReference; fileEncoding = 4; lastKnownFileType = sourcecode.c.objc; path = APTag.m; sourceTree = "<group>"; };
		200DB2861C5BF12A004B0EC8 /* Media.xcassets */ = {isa = PBXFileReference; lastKnownFileType = folder.assetcatalog; name = Media.xcassets; path = ../../../../../Desktop/Media.xcassets; sourceTree = "<group>"; };
		200DB2881C5CE733004B0EC8 /* APBookDetailViewController.h */ = {isa = PBXFileReference; fileEncoding = 4; lastKnownFileType = sourcecode.c.h; path = APBookDetailViewController.h; sourceTree = "<group>"; };
		200DB2891C5CE733004B0EC8 /* APBookDetailViewController.m */ = {isa = PBXFileReference; fileEncoding = 4; lastKnownFileType = sourcecode.c.objc; path = APBookDetailViewController.m; sourceTree = "<group>"; };
		200DB28A1C5CE733004B0EC8 /* APBookDetailViewController.xib */ = {isa = PBXFileReference; fileEncoding = 4; lastKnownFileType = file.xib; path = APBookDetailViewController.xib; sourceTree = "<group>"; };
		2016F9C71C5589C600DB722B /* OverHatBooks.app */ = {isa = PBXFileReference; explicitFileType = wrapper.application; includeInIndex = 0; path = OverHatBooks.app; sourceTree = BUILT_PRODUCTS_DIR; };
		2016F9CB1C5589C600DB722B /* main.m */ = {isa = PBXFileReference; lastKnownFileType = sourcecode.c.objc; path = main.m; sourceTree = "<group>"; };
		2016F9CD1C5589C600DB722B /* AppDelegate.h */ = {isa = PBXFileReference; lastKnownFileType = sourcecode.c.h; path = AppDelegate.h; sourceTree = "<group>"; };
		2016F9CE1C5589C600DB722B /* AppDelegate.m */ = {isa = PBXFileReference; lastKnownFileType = sourcecode.c.objc; path = AppDelegate.m; sourceTree = "<group>"; };
		2016F9DB1C5589C600DB722B /* Info.plist */ = {isa = PBXFileReference; lastKnownFileType = text.plist.xml; path = Info.plist; sourceTree = "<group>"; };
		2016F9E01C5589C700DB722B /* OverHatBooksTests.xctest */ = {isa = PBXFileReference; explicitFileType = wrapper.cfbundle; includeInIndex = 0; path = OverHatBooksTests.xctest; sourceTree = BUILT_PRODUCTS_DIR; };
		2016F9E41C5589C700DB722B /* OverHatBooksTests.m */ = {isa = PBXFileReference; lastKnownFileType = sourcecode.c.objc; path = OverHatBooksTests.m; sourceTree = "<group>"; };
		2016F9E61C5589C700DB722B /* Info.plist */ = {isa = PBXFileReference; lastKnownFileType = text.plist.xml; path = Info.plist; sourceTree = "<group>"; };
		2016F9EB1C5589C700DB722B /* OverHatBooksUITests.xctest */ = {isa = PBXFileReference; explicitFileType = wrapper.cfbundle; includeInIndex = 0; path = OverHatBooksUITests.xctest; sourceTree = BUILT_PRODUCTS_DIR; };
		2016F9EF1C5589C700DB722B /* OverHatBooksUITests.m */ = {isa = PBXFileReference; lastKnownFileType = sourcecode.c.objc; path = OverHatBooksUITests.m; sourceTree = "<group>"; };
		2016F9F11C5589C700DB722B /* Info.plist */ = {isa = PBXFileReference; lastKnownFileType = text.plist.xml; path = Info.plist; sourceTree = "<group>"; };
		2016FA001C558A2B00DB722B /* OverHatBooks.xml */ = {isa = PBXFileReference; fileEncoding = 4; lastKnownFileType = text.xml; path = OverHatBooks.xml; sourceTree = "<group>"; };
		2016FA021C558A5800DB722B /* OverHatBooks.png */ = {isa = PBXFileReference; lastKnownFileType = image.png; path = OverHatBooks.png; sourceTree = "<group>"; };
		20337E421C5679DB00266670 /* AGTCoreDataStack.m */ = {isa = PBXFileReference; fileEncoding = 4; lastKnownFileType = sourcecode.c.objc; path = AGTCoreDataStack.m; sourceTree = "<group>"; };
		20337E441C5679DF00266670 /* AGTCoreDataStack.h */ = {isa = PBXFileReference; lastKnownFileType = sourcecode.c.h; path = AGTCoreDataStack.h; sourceTree = "<group>"; };
		204293A61C56B45F0040240B /* OverHatBooks.xcdatamodel */ = {isa = PBXFileReference; lastKnownFileType = wrapper.xcdatamodel; path = OverHatBooks.xcdatamodel; sourceTree = "<group>"; };
		204293A81C56D0C60040240B /* _APBook.h */ = {isa = PBXFileReference; fileEncoding = 4; lastKnownFileType = sourcecode.c.h; path = _APBook.h; sourceTree = "<group>"; };
		204293A91C56D0C60040240B /* _APBook.m */ = {isa = PBXFileReference; fileEncoding = 4; lastKnownFileType = sourcecode.c.objc; path = _APBook.m; sourceTree = "<group>"; };
		204293AA1C56D0C60040240B /* _APCover.h */ = {isa = PBXFileReference; fileEncoding = 4; lastKnownFileType = sourcecode.c.h; path = _APCover.h; sourceTree = "<group>"; };
		204293AB1C56D0C60040240B /* _APCover.m */ = {isa = PBXFileReference; fileEncoding = 4; lastKnownFileType = sourcecode.c.objc; path = _APCover.m; sourceTree = "<group>"; };
		204293AC1C56D0C60040240B /* _APPdfData.h */ = {isa = PBXFileReference; fileEncoding = 4; lastKnownFileType = sourcecode.c.h; path = _APPdfData.h; sourceTree = "<group>"; };
		204293AD1C56D0C60040240B /* _APPdfData.m */ = {isa = PBXFileReference; fileEncoding = 4; lastKnownFileType = sourcecode.c.objc; path = _APPdfData.m; sourceTree = "<group>"; };
		204293AE1C56D0C60040240B /* _APPhoto.h */ = {isa = PBXFileReference; fileEncoding = 4; lastKnownFileType = sourcecode.c.h; path = _APPhoto.h; sourceTree = "<group>"; };
		204293AF1C56D0C60040240B /* _APPhoto.m */ = {isa = PBXFileReference; fileEncoding = 4; lastKnownFileType = sourcecode.c.objc; path = _APPhoto.m; sourceTree = "<group>"; };
		204293B41C56D0D40040240B /* APAnnotation.h */ = {isa = PBXFileReference; fileEncoding = 4; lastKnownFileType = sourcecode.c.h; path = APAnnotation.h; sourceTree = "<group>"; };
		204293B51C56D0D40040240B /* APAnnotation.m */ = {isa = PBXFileReference; fileEncoding = 4; lastKnownFileType = sourcecode.c.objc; path = APAnnotation.m; sourceTree = "<group>"; };
		204293B61C56D0D40040240B /* APBook.h */ = {isa = PBXFileReference; fileEncoding = 4; lastKnownFileType = sourcecode.c.h; path = APBook.h; sourceTree = "<group>"; };
		204293B71C56D0D40040240B /* APBook.m */ = {isa = PBXFileReference; fileEncoding = 4; lastKnownFileType = sourcecode.c.objc; path = APBook.m; sourceTree = "<group>"; };
		204293B81C56D0D40040240B /* APCover.h */ = {isa = PBXFileReference; fileEncoding = 4; lastKnownFileType = sourcecode.c.h; path = APCover.h; sourceTree = "<group>"; };
		204293B91C56D0D40040240B /* APCover.m */ = {isa = PBXFileReference; fileEncoding = 4; lastKnownFileType = sourcecode.c.objc; path = APCover.m; sourceTree = "<group>"; };
		204293BA1C56D0D40040240B /* APPdfData.h */ = {isa = PBXFileReference; fileEncoding = 4; lastKnownFileType = sourcecode.c.h; path = APPdfData.h; sourceTree = "<group>"; };
		204293BB1C56D0D40040240B /* APPdfData.m */ = {isa = PBXFileReference; fileEncoding = 4; lastKnownFileType = sourcecode.c.objc; path = APPdfData.m; sourceTree = "<group>"; };
		204293BC1C56D0D40040240B /* APPhoto.h */ = {isa = PBXFileReference; fileEncoding = 4; lastKnownFileType = sourcecode.c.h; path = APPhoto.h; sourceTree = "<group>"; };
		204293BD1C56D0D40040240B /* APPhoto.m */ = {isa = PBXFileReference; fileEncoding = 4; lastKnownFileType = sourcecode.c.objc; path = APPhoto.m; sourceTree = "<group>"; };
		204293C31C56D0EF0040240B /* _APAnnotation.h */ = {isa = PBXFileReference; fileEncoding = 4; lastKnownFileType = sourcecode.c.h; path = _APAnnotation.h; sourceTree = "<group>"; };
		204293C41C56D0EF0040240B /* _APAnnotation.m */ = {isa = PBXFileReference; fileEncoding = 4; lastKnownFileType = sourcecode.c.objc; path = _APAnnotation.m; sourceTree = "<group>"; };
		204293C91C58042E0040240B /* AGTCoreDataTableViewController.m */ = {isa = PBXFileReference; fileEncoding = 4; lastKnownFileType = sourcecode.c.objc; path = AGTCoreDataTableViewController.m; sourceTree = "<group>"; };
		204293CB1C5804370040240B /* AGTCoreDataTableViewController.h */ = {isa = PBXFileReference; lastKnownFileType = sourcecode.c.h; path = AGTCoreDataTableViewController.h; sourceTree = "<group>"; };
		205AFFA51C5D17370063CC1F /* UIImage+Color.h */ = {isa = PBXFileReference; fileEncoding = 4; lastKnownFileType = sourcecode.c.h; path = "UIImage+Color.h"; sourceTree = "<group>"; };
		205AFFA61C5D17370063CC1F /* UIImage+Color.m */ = {isa = PBXFileReference; fileEncoding = 4; lastKnownFileType = sourcecode.c.objc; path = "UIImage+Color.m"; sourceTree = "<group>"; };
		205AFFA81C5D1C760063CC1F /* AGTCoreDataCollectionViewController.m */ = {isa = PBXFileReference; fileEncoding = 4; lastKnownFileType = sourcecode.c.objc; name = AGTCoreDataCollectionViewController.m; path = ../../../../../Desktop/AGTCoreDataCollectionViewController.m; sourceTree = "<group>"; };
		205AFFA91C5D1C760063CC1F /* AGTCoreDataCollectionViewController.h */ = {isa = PBXFileReference; fileEncoding = 4; lastKnownFileType = sourcecode.c.h; name = AGTCoreDataCollectionViewController.h; path = ../../../../../Desktop/AGTCoreDataCollectionViewController.h; sourceTree = "<group>"; };
		205AFFAB1C5D1D1C0063CC1F /* APAnnotationsCollectionViewController.h */ = {isa = PBXFileReference; fileEncoding = 4; lastKnownFileType = sourcecode.c.h; path = APAnnotationsCollectionViewController.h; sourceTree = "<group>"; };
		205AFFAC1C5D1D1C0063CC1F /* APAnnotationsCollectionViewController.m */ = {isa = PBXFileReference; fileEncoding = 4; lastKnownFileType = sourcecode.c.objc; path = APAnnotationsCollectionViewController.m; sourceTree = "<group>"; };
		205AFFB61C5D1E300063CC1F /* APAnnotationCollectionViewCell.h */ = {isa = PBXFileReference; fileEncoding = 4; lastKnownFileType = sourcecode.c.h; path = APAnnotationCollectionViewCell.h; sourceTree = "<group>"; };
		205AFFB71C5D1E300063CC1F /* APAnnotationCollectionViewCell.m */ = {isa = PBXFileReference; fileEncoding = 4; lastKnownFileType = sourcecode.c.objc; path = APAnnotationCollectionViewCell.m; sourceTree = "<group>"; };
		205AFFB81C5D1E300063CC1F /* APAnnotationCollectionViewCell.xib */ = {isa = PBXFileReference; fileEncoding = 4; lastKnownFileType = file.xib; path = APAnnotationCollectionViewCell.xib; sourceTree = "<group>"; };
		205AFFBB1C5D1F810063CC1F /* APPDFBookViewController.h */ = {isa = PBXFileReference; fileEncoding = 4; lastKnownFileType = sourcecode.c.h; path = APPDFBookViewController.h; sourceTree = "<group>"; };
		205AFFBC1C5D1F810063CC1F /* APPDFBookViewController.m */ = {isa = PBXFileReference; fileEncoding = 4; lastKnownFileType = sourcecode.c.objc; path = APPDFBookViewController.m; sourceTree = "<group>"; };
		205AFFBD1C5D1F810063CC1F /* APPDFBookViewController.xib */ = {isa = PBXFileReference; fileEncoding = 4; lastKnownFileType = file.xib; path = APPDFBookViewController.xib; sourceTree = "<group>"; };
		205AFFC81C5E6DD40063CC1F /* APAnnotationViewController.h */ = {isa = PBXFileReference; fileEncoding = 4; lastKnownFileType = sourcecode.c.h; path = APAnnotationViewController.h; sourceTree = "<group>"; };
		205AFFC91C5E6DD40063CC1F /* APAnnotationViewController.m */ = {isa = PBXFileReference; fileEncoding = 4; lastKnownFileType = sourcecode.c.objc; path = APAnnotationViewController.m; sourceTree = "<group>"; };
		205AFFCA1C5E6DD40063CC1F /* APAnnotationViewController.xib */ = {isa = PBXFileReference; fileEncoding = 4; lastKnownFileType = file.xib; path = APAnnotationViewController.xib; sourceTree = "<group>"; };
		205AFFCD1C5E6FA00063CC1F /* placeholder_image.png */ = {isa = PBXFileReference; lastKnownFileType = image.png; name = placeholder_image.png; path = ../../../../../Downloads/placeholder_image.png; sourceTree = "<group>"; };
		205AFFCF1C5E801D0063CC1F /* NSString+Validation.h */ = {isa = PBXFileReference; fileEncoding = 4; lastKnownFileType = sourcecode.c.h; path = "NSString+Validation.h"; sourceTree = "<group>"; };
		205AFFD01C5E801D0063CC1F /* NSString+Validation.m */ = {isa = PBXFileReference; fileEncoding = 4; lastKnownFileType = sourcecode.c.objc; path = "NSString+Validation.m"; sourceTree = "<group>"; };
		205AFFD21C5E884F0063CC1F /* UIImage+Alpha.h */ = {isa = PBXFileReference; fileEncoding = 4; lastKnownFileType = sourcecode.c.h; path = "UIImage+Alpha.h"; sourceTree = "<group>"; };
		205AFFD31C5E884F0063CC1F /* UIImage+Alpha.m */ = {isa = PBXFileReference; fileEncoding = 4; lastKnownFileType = sourcecode.c.objc; path = "UIImage+Alpha.m"; sourceTree = "<group>"; };
		205AFFD41C5E884F0063CC1F /* UIImage+Resize.h */ = {isa = PBXFileReference; fileEncoding = 4; lastKnownFileType = sourcecode.c.h; path = "UIImage+Resize.h"; sourceTree = "<group>"; };
		205AFFD51C5E884F0063CC1F /* UIImage+Resize.m */ = {isa = PBXFileReference; fileEncoding = 4; lastKnownFileType = sourcecode.c.objc; path = "UIImage+Resize.m"; sourceTree = "<group>"; };
		205AFFD61C5E884F0063CC1F /* UIImage+RoundedCorner.h */ = {isa = PBXFileReference; fileEncoding = 4; lastKnownFileType = sourcecode.c.h; path = "UIImage+RoundedCorner.h"; sourceTree = "<group>"; };
		205AFFD71C5E884F0063CC1F /* UIImage+RoundedCorner.m */ = {isa = PBXFileReference; fileEncoding = 4; lastKnownFileType = sourcecode.c.objc; path = "UIImage+RoundedCorner.m"; sourceTree = "<group>"; };
		205AFFE31C5E9FF90063CC1F /* KAProgressLabel.h */ = {isa = PBXFileReference; fileEncoding = 4; lastKnownFileType = sourcecode.c.h; path = KAProgressLabel.h; sourceTree = "<group>"; };
		205AFFE41C5E9FF90063CC1F /* KAProgressLabel.m */ = {isa = PBXFileReference; fileEncoding = 4; lastKnownFileType = sourcecode.c.objc; path = KAProgressLabel.m; sourceTree = "<group>"; };
		205AFFE51C5E9FF90063CC1F /* TPPropertyAnimation.h */ = {isa = PBXFileReference; fileEncoding = 4; lastKnownFileType = sourcecode.c.h; path = TPPropertyAnimation.h; sourceTree = "<group>"; };
		205AFFE61C5E9FF90063CC1F /* TPPropertyAnimation.m */ = {isa = PBXFileReference; fileEncoding = 4; lastKnownFileType = sourcecode.c.objc; path = TPPropertyAnimation.m; sourceTree = "<group>"; };
		205AFFEC1C5EE3140063CC1F /* APDownloadManager.h */ = {isa = PBXFileReference; fileEncoding = 4; lastKnownFileType = sourcecode.c.h; path = APDownloadManager.h; sourceTree = "<group>"; };
		205AFFED1C5EE3140063CC1F /* APDownloadManager.m */ = {isa = PBXFileReference; fileEncoding = 4; lastKnownFileType = sourcecode.c.objc; path = APDownloadManager.m; sourceTree = "<group>"; };
		205AFFEF1C5EE49B0063CC1F /* APDownloadItem.h */ = {isa = PBXFileReference; fileEncoding = 4; lastKnownFileType = sourcecode.c.h; path = APDownloadItem.h; sourceTree = "<group>"; };
		205AFFF01C5EE49B0063CC1F /* APDownloadItem.m */ = {isa = PBXFileReference; fileEncoding = 4; lastKnownFileType = sourcecode.c.objc; path = APDownloadItem.m; sourceTree = "<group>"; };
		205AFFF21C5EE73A0063CC1F /* APDownloadDelegate.h */ = {isa = PBXFileReference; fileEncoding = 4; lastKnownFileType = sourcecode.c.h; path = APDownloadDelegate.h; sourceTree = "<group>"; };
		205AFFF31C5EEB3C0063CC1F /* APCompleteTaskDelegate.h */ = {isa = PBXFileReference; fileEncoding = 4; lastKnownFileType = sourcecode.c.h; path = APCompleteTaskDelegate.h; sourceTree = "<group>"; };
/* End PBXFileReference section */

/* Begin PBXFrameworksBuildPhase section */
		2016F9C41C5589C600DB722B /* Frameworks */ = {
			isa = PBXFrameworksBuildPhase;
			buildActionMask = 2147483647;
			files = (
			);
			runOnlyForDeploymentPostprocessing = 0;
		};
		2016F9DD1C5589C700DB722B /* Frameworks */ = {
			isa = PBXFrameworksBuildPhase;
			buildActionMask = 2147483647;
			files = (
			);
			runOnlyForDeploymentPostprocessing = 0;
		};
		2016F9E81C5589C700DB722B /* Frameworks */ = {
			isa = PBXFrameworksBuildPhase;
			buildActionMask = 2147483647;
			files = (
			);
			runOnlyForDeploymentPostprocessing = 0;
		};
/* End PBXFrameworksBuildPhase section */

/* Begin PBXGroup section */
		200DB1FC1C580E60004B0EC8 /* Categories */ = {
			isa = PBXGroup;
			children = (
				205AFFD21C5E884F0063CC1F /* UIImage+Alpha.h */,
				205AFFD31C5E884F0063CC1F /* UIImage+Alpha.m */,
				205AFFD41C5E884F0063CC1F /* UIImage+Resize.h */,
				205AFFD51C5E884F0063CC1F /* UIImage+Resize.m */,
				205AFFD61C5E884F0063CC1F /* UIImage+RoundedCorner.h */,
				205AFFD71C5E884F0063CC1F /* UIImage+RoundedCorner.m */,
				200DB1FD1C580EC4004B0EC8 /* UIViewController+Navigation.h */,
				200DB1FE1C580EC4004B0EC8 /* UIViewController+Navigation.m */,
				200DB2691C5986EF004B0EC8 /* NSString+Tokenize.h */,
				200DB26A1C5986EF004B0EC8 /* NSString+Tokenize.m */,
				205AFFA51C5D17370063CC1F /* UIImage+Color.h */,
				205AFFA61C5D17370063CC1F /* UIImage+Color.m */,
				205AFFCF1C5E801D0063CC1F /* NSString+Validation.h */,
				205AFFD01C5E801D0063CC1F /* NSString+Validation.m */,
			);
			name = Categories;
			sourceTree = "<group>";
		};
		200DB2001C581893004B0EC8 /* Resources */ = {
			isa = PBXGroup;
			children = (
				205AFFCD1C5E6FA00063CC1F /* placeholder_image.png */,
				200DB2781C5ABE9A004B0EC8 /* overhatbooks.png */,
				200DB2491C583A6F004B0EC8 /* cover.png */,
			);
			name = Resources;
			sourceTree = "<group>";
		};
		2016F9BE1C5589C600DB722B = {
			isa = PBXGroup;
			children = (
				2016F9FF1C558A1D00DB722B /* Docs */,
				2016F9C91C5589C600DB722B /* OverHatBooks */,
				2016F9E31C5589C700DB722B /* OverHatBooksTests */,
				2016F9EE1C5589C700DB722B /* OverHatBooksUITests */,
				2016F9C81C5589C600DB722B /* Products */,
			);
			sourceTree = "<group>";
		};
		2016F9C81C5589C600DB722B /* Products */ = {
			isa = PBXGroup;
			children = (
				2016F9C71C5589C600DB722B /* OverHatBooks.app */,
				2016F9E01C5589C700DB722B /* OverHatBooksTests.xctest */,
				2016F9EB1C5589C700DB722B /* OverHatBooksUITests.xctest */,
			);
			name = Products;
			sourceTree = "<group>";
		};
		2016F9C91C5589C600DB722B /* OverHatBooks */ = {
			isa = PBXGroup;
			children = (
				205AFFC01C5D39BA0063CC1F /* Views */,
				200DB2861C5BF12A004B0EC8 /* Media.xcassets */,
				200DB2001C581893004B0EC8 /* Resources */,
				200DB1FC1C580E60004B0EC8 /* Categories */,
				204293C81C5803290040240B /* Controllers */,
				20337E411C56798200266670 /* Models */,
				2016F9CD1C5589C600DB722B /* AppDelegate.h */,
				2016F9CE1C5589C600DB722B /* AppDelegate.m */,
				2016F9DB1C5589C600DB722B /* Info.plist */,
				2016F9CA1C5589C600DB722B /* Supporting Files */,
				200DB2621C596BE1004B0EC8 /* Settings.h */,
				200DB2761C5ABE14004B0EC8 /* Launch Screen.storyboard */,
			);
			path = OverHatBooks;
			sourceTree = "<group>";
		};
		2016F9CA1C5589C600DB722B /* Supporting Files */ = {
			isa = PBXGroup;
			children = (
				2016F9CB1C5589C600DB722B /* main.m */,
			);
			name = "Supporting Files";
			sourceTree = "<group>";
		};
		2016F9E31C5589C700DB722B /* OverHatBooksTests */ = {
			isa = PBXGroup;
			children = (
				2016F9E41C5589C700DB722B /* OverHatBooksTests.m */,
				2016F9E61C5589C700DB722B /* Info.plist */,
			);
			path = OverHatBooksTests;
			sourceTree = "<group>";
		};
		2016F9EE1C5589C700DB722B /* OverHatBooksUITests */ = {
			isa = PBXGroup;
			children = (
				2016F9EF1C5589C700DB722B /* OverHatBooksUITests.m */,
				2016F9F11C5589C700DB722B /* Info.plist */,
			);
			path = OverHatBooksUITests;
			sourceTree = "<group>";
		};
		2016F9FF1C558A1D00DB722B /* Docs */ = {
			isa = PBXGroup;
			children = (
				2016FA021C558A5800DB722B /* OverHatBooks.png */,
				2016FA001C558A2B00DB722B /* OverHatBooks.xml */,
			);
			name = Docs;
			sourceTree = "<group>";
		};
		20337E411C56798200266670 /* Models */ = {
			isa = PBXGroup;
			children = (
				204293C71C56D1D30040240B /* Human */,
				204293C61C56D1CE0040240B /* Machine */,
				20337E441C5679DF00266670 /* AGTCoreDataStack.h */,
				20337E421C5679DB00266670 /* AGTCoreDataStack.m */,
				204293A51C56B45F0040240B /* OverHatBooks.xcdatamodeld */,
				200DB25F1C59590F004B0EC8 /* APLibrary.h */,
				200DB2601C59590F004B0EC8 /* APLibrary.m */,
				200DB26C1C598CB2004B0EC8 /* APBaseManagedObject.h */,
				200DB26D1C598CB2004B0EC8 /* APBaseManagedObject.m */,
				205AFFEC1C5EE3140063CC1F /* APDownloadManager.h */,
				205AFFED1C5EE3140063CC1F /* APDownloadManager.m */,
				205AFFEF1C5EE49B0063CC1F /* APDownloadItem.h */,
				205AFFF01C5EE49B0063CC1F /* APDownloadItem.m */,
				205AFFF21C5EE73A0063CC1F /* APDownloadDelegate.h */,
				205AFFF31C5EEB3C0063CC1F /* APCompleteTaskDelegate.h */,
			);
			name = Models;
			sourceTree = "<group>";
		};
		204293C61C56D1CE0040240B /* Machine */ = {
			isa = PBXGroup;
			children = (
				200DB27A1C5AE1C5004B0EC8 /* _APBookTag.h */,
				200DB27B1C5AE1C5004B0EC8 /* _APBookTag.m */,
				200DB27C1C5AE1C5004B0EC8 /* _APTag.h */,
				200DB27D1C5AE1C5004B0EC8 /* _APTag.m */,
				200DB2661C59866A004B0EC8 /* _APAuthor.h */,
				200DB2671C59866A004B0EC8 /* _APAuthor.m */,
				204293C31C56D0EF0040240B /* _APAnnotation.h */,
				204293C41C56D0EF0040240B /* _APAnnotation.m */,
				204293A81C56D0C60040240B /* _APBook.h */,
				204293A91C56D0C60040240B /* _APBook.m */,
				204293AA1C56D0C60040240B /* _APCover.h */,
				204293AB1C56D0C60040240B /* _APCover.m */,
				204293AC1C56D0C60040240B /* _APPdfData.h */,
				204293AD1C56D0C60040240B /* _APPdfData.m */,
				204293AE1C56D0C60040240B /* _APPhoto.h */,
				204293AF1C56D0C60040240B /* _APPhoto.m */,
			);
			name = Machine;
			sourceTree = "<group>";
		};
		204293C71C56D1D30040240B /* Human */ = {
			isa = PBXGroup;
			children = (
				200DB2801C5AE1D7004B0EC8 /* APBookTag.h */,
				200DB2811C5AE1D7004B0EC8 /* APBookTag.m */,
				200DB2821C5AE1D7004B0EC8 /* APTag.h */,
				200DB2831C5AE1D7004B0EC8 /* APTag.m */,
				200DB2631C59865B004B0EC8 /* APAuthor.h */,
				200DB2641C59865B004B0EC8 /* APAuthor.m */,
				204293B41C56D0D40040240B /* APAnnotation.h */,
				204293B51C56D0D40040240B /* APAnnotation.m */,
				204293B61C56D0D40040240B /* APBook.h */,
				204293B71C56D0D40040240B /* APBook.m */,
				204293B81C56D0D40040240B /* APCover.h */,
				204293B91C56D0D40040240B /* APCover.m */,
				204293BA1C56D0D40040240B /* APPdfData.h */,
				204293BB1C56D0D40040240B /* APPdfData.m */,
				204293BC1C56D0D40040240B /* APPhoto.h */,
				204293BD1C56D0D40040240B /* APPhoto.m */,
			);
			name = Human;
			sourceTree = "<group>";
		};
		204293C81C5803290040240B /* Controllers */ = {
			isa = PBXGroup;
			children = (
				205AFFEB1C5EA9B30063CC1F /* Books */,
				205AFFEA1C5EA9AE0063CC1F /* Annotations */,
				205AFFE91C5EA4BB0063CC1F /* Vendor */,
			);
			name = Controllers;
			sourceTree = "<group>";
		};
		205AFFC01C5D39BA0063CC1F /* Views */ = {
			isa = PBXGroup;
			children = (
				205AFFC11C5E39B80063CC1F /* VendorViews */,
				200DB2421C5823CA004B0EC8 /* APBookTableViewCell.h */,
				200DB2431C5823CA004B0EC8 /* APBookTableViewCell.m */,
				200DB2441C5823CA004B0EC8 /* APBookTableViewCell.xib */,
				205AFFB61C5D1E300063CC1F /* APAnnotationCollectionViewCell.h */,
				205AFFB71C5D1E300063CC1F /* APAnnotationCollectionViewCell.m */,
				205AFFB81C5D1E300063CC1F /* APAnnotationCollectionViewCell.xib */,
			);
			name = Views;
			sourceTree = "<group>";
		};
		205AFFC11C5E39B80063CC1F /* VendorViews */ = {
			isa = PBXGroup;
			children = (
				205AFFE31C5E9FF90063CC1F /* KAProgressLabel.h */,
				205AFFE41C5E9FF90063CC1F /* KAProgressLabel.m */,
				205AFFE51C5E9FF90063CC1F /* TPPropertyAnimation.h */,
				205AFFE61C5E9FF90063CC1F /* TPPropertyAnimation.m */,
			);
			name = VendorViews;
			sourceTree = "<group>";
		};
		205AFFE91C5EA4BB0063CC1F /* Vendor */ = {
			isa = PBXGroup;
			children = (
				205AFFA81C5D1C760063CC1F /* AGTCoreDataCollectionViewController.m */,
				205AFFA91C5D1C760063CC1F /* AGTCoreDataCollectionViewController.h */,
				204293CB1C5804370040240B /* AGTCoreDataTableViewController.h */,
				204293C91C58042E0040240B /* AGTCoreDataTableViewController.m */,
			);
			name = Vendor;
			sourceTree = "<group>";
		};
		205AFFEA1C5EA9AE0063CC1F /* Annotations */ = {
			isa = PBXGroup;
			children = (
				205AFFAB1C5D1D1C0063CC1F /* APAnnotationsCollectionViewController.h */,
				205AFFAC1C5D1D1C0063CC1F /* APAnnotationsCollectionViewController.m */,
				205AFFC81C5E6DD40063CC1F /* APAnnotationViewController.h */,
				205AFFC91C5E6DD40063CC1F /* APAnnotationViewController.m */,
				205AFFCA1C5E6DD40063CC1F /* APAnnotationViewController.xib */,
			);
			name = Annotations;
			sourceTree = "<group>";
		};
		205AFFEB1C5EA9B30063CC1F /* Books */ = {
			isa = PBXGroup;
			children = (
				200DB2581C58468B004B0EC8 /* APBooksTableViewController.h */,
				200DB2591C58468B004B0EC8 /* APBooksTableViewController.m */,
				200DB25A1C58468B004B0EC8 /* APBooksTableViewController.xib */,
				200DB2881C5CE733004B0EC8 /* APBookDetailViewController.h */,
				200DB2891C5CE733004B0EC8 /* APBookDetailViewController.m */,
				200DB28A1C5CE733004B0EC8 /* APBookDetailViewController.xib */,
				205AFFBB1C5D1F810063CC1F /* APPDFBookViewController.h */,
				205AFFBC1C5D1F810063CC1F /* APPDFBookViewController.m */,
				205AFFBD1C5D1F810063CC1F /* APPDFBookViewController.xib */,
			);
			name = Books;
			sourceTree = "<group>";
		};
/* End PBXGroup section */

/* Begin PBXNativeTarget section */
		2016F9C61C5589C600DB722B /* OverHatBooks */ = {
			isa = PBXNativeTarget;
			buildConfigurationList = 2016F9F41C5589C700DB722B /* Build configuration list for PBXNativeTarget "OverHatBooks" */;
			buildPhases = (
				2016F9C31C5589C600DB722B /* Sources */,
				2016F9C41C5589C600DB722B /* Frameworks */,
				2016F9C51C5589C600DB722B /* Resources */,
			);
			buildRules = (
			);
			dependencies = (
			);
			name = OverHatBooks;
			productName = OverHatBooks;
			productReference = 2016F9C71C5589C600DB722B /* OverHatBooks.app */;
			productType = "com.apple.product-type.application";
		};
		2016F9DF1C5589C700DB722B /* OverHatBooksTests */ = {
			isa = PBXNativeTarget;
			buildConfigurationList = 2016F9F71C5589C700DB722B /* Build configuration list for PBXNativeTarget "OverHatBooksTests" */;
			buildPhases = (
				2016F9DC1C5589C700DB722B /* Sources */,
				2016F9DD1C5589C700DB722B /* Frameworks */,
				2016F9DE1C5589C700DB722B /* Resources */,
			);
			buildRules = (
			);
			dependencies = (
				2016F9E21C5589C700DB722B /* PBXTargetDependency */,
			);
			name = OverHatBooksTests;
			productName = OverHatBooksTests;
			productReference = 2016F9E01C5589C700DB722B /* OverHatBooksTests.xctest */;
			productType = "com.apple.product-type.bundle.unit-test";
		};
		2016F9EA1C5589C700DB722B /* OverHatBooksUITests */ = {
			isa = PBXNativeTarget;
			buildConfigurationList = 2016F9FA1C5589C700DB722B /* Build configuration list for PBXNativeTarget "OverHatBooksUITests" */;
			buildPhases = (
				2016F9E71C5589C700DB722B /* Sources */,
				2016F9E81C5589C700DB722B /* Frameworks */,
				2016F9E91C5589C700DB722B /* Resources */,
			);
			buildRules = (
			);
			dependencies = (
				2016F9ED1C5589C700DB722B /* PBXTargetDependency */,
			);
			name = OverHatBooksUITests;
			productName = OverHatBooksUITests;
			productReference = 2016F9EB1C5589C700DB722B /* OverHatBooksUITests.xctest */;
			productType = "com.apple.product-type.bundle.ui-testing";
		};
/* End PBXNativeTarget section */

/* Begin PBXProject section */
		2016F9BF1C5589C600DB722B /* Project object */ = {
			isa = PBXProject;
			attributes = {
				LastUpgradeCheck = 0720;
				ORGANIZATIONNAME = "Adrian Polo Alcaide";
				TargetAttributes = {
					2016F9C61C5589C600DB722B = {
						CreatedOnToolsVersion = 7.2;
					};
					2016F9DF1C5589C700DB722B = {
						CreatedOnToolsVersion = 7.2;
						TestTargetID = 2016F9C61C5589C600DB722B;
					};
					2016F9EA1C5589C700DB722B = {
						CreatedOnToolsVersion = 7.2;
						TestTargetID = 2016F9C61C5589C600DB722B;
					};
				};
			};
			buildConfigurationList = 2016F9C21C5589C600DB722B /* Build configuration list for PBXProject "OverHatBooks" */;
			compatibilityVersion = "Xcode 3.2";
			developmentRegion = English;
			hasScannedForEncodings = 0;
			knownRegions = (
				en,
				Base,
			);
			mainGroup = 2016F9BE1C5589C600DB722B;
			productRefGroup = 2016F9C81C5589C600DB722B /* Products */;
			projectDirPath = "";
			projectRoot = "";
			targets = (
				2016F9C61C5589C600DB722B /* OverHatBooks */,
				2016F9DF1C5589C700DB722B /* OverHatBooksTests */,
				2016F9EA1C5589C700DB722B /* OverHatBooksUITests */,
			);
		};
/* End PBXProject section */

/* Begin PBXResourcesBuildPhase section */
		2016F9C51C5589C600DB722B /* Resources */ = {
			isa = PBXResourcesBuildPhase;
			buildActionMask = 2147483647;
			files = (
				205AFFCE1C5E6FA00063CC1F /* placeholder_image.png in Resources */,
				200DB2461C5823CA004B0EC8 /* APBookTableViewCell.xib in Resources */,
				2016FA011C558A2B00DB722B /* OverHatBooks.xml in Resources */,
				205AFFCC1C5E6DD40063CC1F /* APAnnotationViewController.xib in Resources */,
				200DB2871C5BF12A004B0EC8 /* Media.xcassets in Resources */,
				200DB2771C5ABE14004B0EC8 /* Launch Screen.storyboard in Resources */,
				200DB25C1C58468B004B0EC8 /* APBooksTableViewController.xib in Resources */,
				200DB24A1C583A6F004B0EC8 /* cover.png in Resources */,
				200DB2791C5ABE9A004B0EC8 /* overhatbooks.png in Resources */,
				200DB28C1C5CE733004B0EC8 /* APBookDetailViewController.xib in Resources */,
				205AFFBF1C5D1F810063CC1F /* APPDFBookViewController.xib in Resources */,
				205AFFBA1C5D1E300063CC1F /* APAnnotationCollectionViewCell.xib in Resources */,
				2016FA031C558A5800DB722B /* OverHatBooks.png in Resources */,
			);
			runOnlyForDeploymentPostprocessing = 0;
		};
		2016F9DE1C5589C700DB722B /* Resources */ = {
			isa = PBXResourcesBuildPhase;
			buildActionMask = 2147483647;
			files = (
			);
			runOnlyForDeploymentPostprocessing = 0;
		};
		2016F9E91C5589C700DB722B /* Resources */ = {
			isa = PBXResourcesBuildPhase;
			buildActionMask = 2147483647;
			files = (
			);
			runOnlyForDeploymentPostprocessing = 0;
		};
/* End PBXResourcesBuildPhase section */

/* Begin PBXSourcesBuildPhase section */
		2016F9C31C5589C600DB722B /* Sources */ = {
			isa = PBXSourcesBuildPhase;
			buildActionMask = 2147483647;
			files = (
				204293A71C56B45F0040240B /* OverHatBooks.xcdatamodeld in Sources */,
				200DB27F1C5AE1C5004B0EC8 /* _APTag.m in Sources */,
				205AFFCB1C5E6DD40063CC1F /* APAnnotationViewController.m in Sources */,
				205AFFD11C5E801D0063CC1F /* NSString+Validation.m in Sources */,
				204293C21C56D0D40040240B /* APPhoto.m in Sources */,
				204293BE1C56D0D40040240B /* APAnnotation.m in Sources */,
				205AFFEE1C5EE3140063CC1F /* APDownloadManager.m in Sources */,
				200DB1FF1C580EC4004B0EC8 /* UIViewController+Navigation.m in Sources */,
				204293B01C56D0C60040240B /* _APBook.m in Sources */,
				204293BF1C56D0D40040240B /* APBook.m in Sources */,
				200DB27E1C5AE1C5004B0EC8 /* _APBookTag.m in Sources */,
				200DB26B1C5986EF004B0EC8 /* NSString+Tokenize.m in Sources */,
				205AFFE71C5E9FF90063CC1F /* KAProgressLabel.m in Sources */,
				200DB2851C5AE1D7004B0EC8 /* APTag.m in Sources */,
				204293B21C56D0C60040240B /* _APPdfData.m in Sources */,
				204293B11C56D0C60040240B /* _APCover.m in Sources */,
				205AFFBE1C5D1F810063CC1F /* APPDFBookViewController.m in Sources */,
				205AFFDA1C5E884F0063CC1F /* UIImage+RoundedCorner.m in Sources */,
				200DB25B1C58468B004B0EC8 /* APBooksTableViewController.m in Sources */,
				200DB2681C59866A004B0EC8 /* _APAuthor.m in Sources */,
				205AFFD81C5E884F0063CC1F /* UIImage+Alpha.m in Sources */,
				205AFFAD1C5D1D1C0063CC1F /* APAnnotationsCollectionViewController.m in Sources */,
				200DB2651C59865B004B0EC8 /* APAuthor.m in Sources */,
				2016F9CF1C5589C600DB722B /* AppDelegate.m in Sources */,
				200DB26E1C598CB2004B0EC8 /* APBaseManagedObject.m in Sources */,
				205AFFD91C5E884F0063CC1F /* UIImage+Resize.m in Sources */,
				205AFFE81C5E9FF90063CC1F /* TPPropertyAnimation.m in Sources */,
				20337E431C5679DB00266670 /* AGTCoreDataStack.m in Sources */,
				200DB2611C59590F004B0EC8 /* APLibrary.m in Sources */,
				200DB2451C5823CA004B0EC8 /* APBookTableViewCell.m in Sources */,
				205AFFAA1C5D1C760063CC1F /* AGTCoreDataCollectionViewController.m in Sources */,
				2016F9CC1C5589C600DB722B /* main.m in Sources */,
				204293B31C56D0C60040240B /* _APPhoto.m in Sources */,
				204293CA1C58042E0040240B /* AGTCoreDataTableViewController.m in Sources */,
				204293C51C56D0EF0040240B /* _APAnnotation.m in Sources */,
				205AFFA71C5D17370063CC1F /* UIImage+Color.m in Sources */,
				204293C01C56D0D40040240B /* APCover.m in Sources */,
				205AFFB91C5D1E300063CC1F /* APAnnotationCollectionViewCell.m in Sources */,
				200DB28B1C5CE733004B0EC8 /* APBookDetailViewController.m in Sources */,
				200DB2841C5AE1D7004B0EC8 /* APBookTag.m in Sources */,
				204293C11C56D0D40040240B /* APPdfData.m in Sources */,
				205AFFF11C5EE49B0063CC1F /* APDownloadItem.m in Sources */,
			);
			runOnlyForDeploymentPostprocessing = 0;
		};
		2016F9DC1C5589C700DB722B /* Sources */ = {
			isa = PBXSourcesBuildPhase;
			buildActionMask = 2147483647;
			files = (
				2016F9E51C5589C700DB722B /* OverHatBooksTests.m in Sources */,
			);
			runOnlyForDeploymentPostprocessing = 0;
		};
		2016F9E71C5589C700DB722B /* Sources */ = {
			isa = PBXSourcesBuildPhase;
			buildActionMask = 2147483647;
			files = (
				2016F9F01C5589C700DB722B /* OverHatBooksUITests.m in Sources */,
			);
			runOnlyForDeploymentPostprocessing = 0;
		};
/* End PBXSourcesBuildPhase section */

/* Begin PBXTargetDependency section */
		2016F9E21C5589C700DB722B /* PBXTargetDependency */ = {
			isa = PBXTargetDependency;
			target = 2016F9C61C5589C600DB722B /* OverHatBooks */;
			targetProxy = 2016F9E11C5589C700DB722B /* PBXContainerItemProxy */;
		};
		2016F9ED1C5589C700DB722B /* PBXTargetDependency */ = {
			isa = PBXTargetDependency;
			target = 2016F9C61C5589C600DB722B /* OverHatBooks */;
			targetProxy = 2016F9EC1C5589C700DB722B /* PBXContainerItemProxy */;
		};
/* End PBXTargetDependency section */

/* Begin XCBuildConfiguration section */
		2016F9F21C5589C700DB722B /* Debug */ = {
			isa = XCBuildConfiguration;
			buildSettings = {
				ALWAYS_SEARCH_USER_PATHS = NO;
				CLANG_CXX_LANGUAGE_STANDARD = "gnu++0x";
				CLANG_CXX_LIBRARY = "libc++";
				CLANG_ENABLE_MODULES = YES;
				CLANG_ENABLE_OBJC_ARC = YES;
				CLANG_WARN_BOOL_CONVERSION = YES;
				CLANG_WARN_CONSTANT_CONVERSION = YES;
				CLANG_WARN_DIRECT_OBJC_ISA_USAGE = YES_ERROR;
				CLANG_WARN_EMPTY_BODY = YES;
				CLANG_WARN_ENUM_CONVERSION = YES;
				CLANG_WARN_INT_CONVERSION = YES;
				CLANG_WARN_OBJC_ROOT_CLASS = YES_ERROR;
				CLANG_WARN_UNREACHABLE_CODE = YES;
				CLANG_WARN__DUPLICATE_METHOD_MATCH = YES;
				"CODE_SIGN_IDENTITY[sdk=iphoneos*]" = "iPhone Developer";
				COPY_PHASE_STRIP = NO;
				DEBUG_INFORMATION_FORMAT = dwarf;
				ENABLE_STRICT_OBJC_MSGSEND = YES;
				ENABLE_TESTABILITY = YES;
				GCC_C_LANGUAGE_STANDARD = gnu99;
				GCC_DYNAMIC_NO_PIC = NO;
				GCC_NO_COMMON_BLOCKS = YES;
				GCC_OPTIMIZATION_LEVEL = 0;
				GCC_PREPROCESSOR_DEFINITIONS = (
					"DEBUG=1",
					"$(inherited)",
				);
				GCC_WARN_64_TO_32_BIT_CONVERSION = YES;
				GCC_WARN_ABOUT_RETURN_TYPE = YES_ERROR;
				GCC_WARN_UNDECLARED_SELECTOR = YES;
				GCC_WARN_UNINITIALIZED_AUTOS = YES_AGGRESSIVE;
				GCC_WARN_UNUSED_FUNCTION = YES;
				GCC_WARN_UNUSED_VARIABLE = YES;
				IPHONEOS_DEPLOYMENT_TARGET = 9.2;
				MTL_ENABLE_DEBUG_INFO = YES;
				ONLY_ACTIVE_ARCH = YES;
				SDKROOT = iphoneos;
			};
			name = Debug;
		};
		2016F9F31C5589C700DB722B /* Release */ = {
			isa = XCBuildConfiguration;
			buildSettings = {
				ALWAYS_SEARCH_USER_PATHS = NO;
				CLANG_CXX_LANGUAGE_STANDARD = "gnu++0x";
				CLANG_CXX_LIBRARY = "libc++";
				CLANG_ENABLE_MODULES = YES;
				CLANG_ENABLE_OBJC_ARC = YES;
				CLANG_WARN_BOOL_CONVERSION = YES;
				CLANG_WARN_CONSTANT_CONVERSION = YES;
				CLANG_WARN_DIRECT_OBJC_ISA_USAGE = YES_ERROR;
				CLANG_WARN_EMPTY_BODY = YES;
				CLANG_WARN_ENUM_CONVERSION = YES;
				CLANG_WARN_INT_CONVERSION = YES;
				CLANG_WARN_OBJC_ROOT_CLASS = YES_ERROR;
				CLANG_WARN_UNREACHABLE_CODE = YES;
				CLANG_WARN__DUPLICATE_METHOD_MATCH = YES;
				"CODE_SIGN_IDENTITY[sdk=iphoneos*]" = "iPhone Developer";
				COPY_PHASE_STRIP = NO;
				DEBUG_INFORMATION_FORMAT = "dwarf-with-dsym";
				ENABLE_NS_ASSERTIONS = NO;
				ENABLE_STRICT_OBJC_MSGSEND = YES;
				GCC_C_LANGUAGE_STANDARD = gnu99;
				GCC_NO_COMMON_BLOCKS = YES;
				GCC_WARN_64_TO_32_BIT_CONVERSION = YES;
				GCC_WARN_ABOUT_RETURN_TYPE = YES_ERROR;
				GCC_WARN_UNDECLARED_SELECTOR = YES;
				GCC_WARN_UNINITIALIZED_AUTOS = YES_AGGRESSIVE;
				GCC_WARN_UNUSED_FUNCTION = YES;
				GCC_WARN_UNUSED_VARIABLE = YES;
				IPHONEOS_DEPLOYMENT_TARGET = 9.2;
				MTL_ENABLE_DEBUG_INFO = NO;
				SDKROOT = iphoneos;
				VALIDATE_PRODUCT = YES;
			};
			name = Release;
		};
		2016F9F51C5589C700DB722B /* Debug */ = {
			isa = XCBuildConfiguration;
			buildSettings = {
				ASSETCATALOG_COMPILER_APPICON_NAME = AppIcon;
				CODE_SIGN_IDENTITY = "iPhone Developer";
				INFOPLIST_FILE = OverHatBooks/Info.plist;
				LD_RUNPATH_SEARCH_PATHS = "$(inherited) @executable_path/Frameworks";
				PRODUCT_BUNDLE_IDENTIFIER = com.adri.OverHatBooks;
				PRODUCT_NAME = "$(TARGET_NAME)";
				TARGETED_DEVICE_FAMILY = 1;
			};
			name = Debug;
		};
		2016F9F61C5589C700DB722B /* Release */ = {
			isa = XCBuildConfiguration;
			buildSettings = {
				ASSETCATALOG_COMPILER_APPICON_NAME = AppIcon;
				CODE_SIGN_IDENTITY = "iPhone Developer";
				INFOPLIST_FILE = OverHatBooks/Info.plist;
				LD_RUNPATH_SEARCH_PATHS = "$(inherited) @executable_path/Frameworks";
				PRODUCT_BUNDLE_IDENTIFIER = com.adri.OverHatBooks;
				PRODUCT_NAME = "$(TARGET_NAME)";
				TARGETED_DEVICE_FAMILY = 1;
			};
			name = Release;
		};
		2016F9F81C5589C700DB722B /* Debug */ = {
			isa = XCBuildConfiguration;
			buildSettings = {
				BUNDLE_LOADER = "$(TEST_HOST)";
				INFOPLIST_FILE = OverHatBooksTests/Info.plist;
				LD_RUNPATH_SEARCH_PATHS = "$(inherited) @executable_path/Frameworks @loader_path/Frameworks";
				PRODUCT_BUNDLE_IDENTIFIER = com.adri.OverHatBooksTests;
				PRODUCT_NAME = "$(TARGET_NAME)";
				TEST_HOST = "$(BUILT_PRODUCTS_DIR)/OverHatBooks.app/OverHatBooks";
			};
			name = Debug;
		};
		2016F9F91C5589C700DB722B /* Release */ = {
			isa = XCBuildConfiguration;
			buildSettings = {
				BUNDLE_LOADER = "$(TEST_HOST)";
				INFOPLIST_FILE = OverHatBooksTests/Info.plist;
				LD_RUNPATH_SEARCH_PATHS = "$(inherited) @executable_path/Frameworks @loader_path/Frameworks";
				PRODUCT_BUNDLE_IDENTIFIER = com.adri.OverHatBooksTests;
				PRODUCT_NAME = "$(TARGET_NAME)";
				TEST_HOST = "$(BUILT_PRODUCTS_DIR)/OverHatBooks.app/OverHatBooks";
			};
			name = Release;
		};
		2016F9FB1C5589C700DB722B /* Debug */ = {
			isa = XCBuildConfiguration;
			buildSettings = {
				INFOPLIST_FILE = OverHatBooksUITests/Info.plist;
				LD_RUNPATH_SEARCH_PATHS = "$(inherited) @executable_path/Frameworks @loader_path/Frameworks";
				PRODUCT_BUNDLE_IDENTIFIER = com.adri.OverHatBooksUITests;
				PRODUCT_NAME = "$(TARGET_NAME)";
				TEST_TARGET_NAME = OverHatBooks;
				USES_XCTRUNNER = YES;
			};
			name = Debug;
		};
		2016F9FC1C5589C700DB722B /* Release */ = {
			isa = XCBuildConfiguration;
			buildSettings = {
				INFOPLIST_FILE = OverHatBooksUITests/Info.plist;
				LD_RUNPATH_SEARCH_PATHS = "$(inherited) @executable_path/Frameworks @loader_path/Frameworks";
				PRODUCT_BUNDLE_IDENTIFIER = com.adri.OverHatBooksUITests;
				PRODUCT_NAME = "$(TARGET_NAME)";
				TEST_TARGET_NAME = OverHatBooks;
				USES_XCTRUNNER = YES;
			};
			name = Release;
		};
/* End XCBuildConfiguration section */

/* Begin XCConfigurationList section */
		2016F9C21C5589C600DB722B /* Build configuration list for PBXProject "OverHatBooks" */ = {
			isa = XCConfigurationList;
			buildConfigurations = (
				2016F9F21C5589C700DB722B /* Debug */,
				2016F9F31C5589C700DB722B /* Release */,
			);
			defaultConfigurationIsVisible = 0;
			defaultConfigurationName = Release;
		};
		2016F9F41C5589C700DB722B /* Build configuration list for PBXNativeTarget "OverHatBooks" */ = {
			isa = XCConfigurationList;
			buildConfigurations = (
				2016F9F51C5589C700DB722B /* Debug */,
				2016F9F61C5589C700DB722B /* Release */,
			);
			defaultConfigurationIsVisible = 0;
			defaultConfigurationName = Release;
		};
		2016F9F71C5589C700DB722B /* Build configuration list for PBXNativeTarget "OverHatBooksTests" */ = {
			isa = XCConfigurationList;
			buildConfigurations = (
				2016F9F81C5589C700DB722B /* Debug */,
				2016F9F91C5589C700DB722B /* Release */,
			);
			defaultConfigurationIsVisible = 0;
			defaultConfigurationName = Release;
		};
		2016F9FA1C5589C700DB722B /* Build configuration list for PBXNativeTarget "OverHatBooksUITests" */ = {
			isa = XCConfigurationList;
			buildConfigurations = (
				2016F9FB1C5589C700DB722B /* Debug */,
				2016F9FC1C5589C700DB722B /* Release */,
			);
			defaultConfigurationIsVisible = 0;
			defaultConfigurationName = Release;
		};
/* End XCConfigurationList section */

/* Begin XCVersionGroup section */
		204293A51C56B45F0040240B /* OverHatBooks.xcdatamodeld */ = {
			isa = XCVersionGroup;
			children = (
				204293A61C56B45F0040240B /* OverHatBooks.xcdatamodel */,
			);
			currentVersion = 204293A61C56B45F0040240B /* OverHatBooks.xcdatamodel */;
			path = OverHatBooks.xcdatamodeld;
			sourceTree = "<group>";
			versionGroupType = wrapper.xcdatamodel;
		};
/* End XCVersionGroup section */
	};
	rootObject = 2016F9BF1C5589C600DB722B /* Project object */;
}
